
Microsoft Visual Studio Solution File, Format Version 12.00
# Visual Studio Version 16
VisualStudioVersion = 16.0.28803.202
MinimumVisualStudioVersion = 10.0.40219.1
Project("{FAE04EC0-301F-11D3-BF4B-00C04F79EFBC}") = "LayoutWithGrids", "LayoutWithGrids\LayoutWithGrids.csproj", "{528EE4AB-105E-46F1-BE03-987E8556ECD9}"
EndProject
Global
	GlobalSection(SolutionConfigurationPlatforms) = preSolution
		Debug|Any CPU = Debug|Any CPU
		Release|Any CPU = Release|Any CPU
	EndGlobalSection
	GlobalSection(ProjectConfigurationPlatforms) = postSolution
		{528EE4AB-105E-46F1-BE03-987E8556ECD9}.Debug|Any CPU.ActiveCfg = Debug|Any CPU
		{528EE4AB-105E-46F1-BE03-987E8556ECD9}.Debug|Any CPU.Build.0 = Debug|Any CPU
		{528EE4AB-105E-46F1-BE03-987E8556ECD9}.Release|Any CPU.ActiveCfg = Release|Any CPU
		{528EE4AB-105E-46F1-BE03-987E8556ECD9}.Release|Any CPU.Build.0 = Release|Any CPU
	EndGlobalSection
	GlobalSection(SolutionProperties) = preSolution
		HideSolutionNode = FALSE
	EndGlobalSection
	GlobalSection(ExtensibilityGlobals) = postSolution
		SolutionGuid = {98799B68-F7C8-404F-B8BC-451AC76C66F8}
	EndGlobalSection
EndGlobal
