
Microsoft Visual Studio Solution File, Format Version 12.00
# Visual Studio Version 16
VisualStudioVersion = 16.0.28803.202
MinimumVisualStudioVersion = 10.0.40219.1
Project("{FAE04EC0-301F-11D3-BF4B-00C04F79EFBC}") = "WrapPanel", "WrapPanel\WrapPanel.csproj", "{3F7F0017-A95A-4B92-BF2D-5C87CA83E3FE}"
EndProject
Global
	GlobalSection(SolutionConfigurationPlatforms) = preSolution
		Debug|Any CPU = Debug|Any CPU
		Release|Any CPU = Release|Any CPU
	EndGlobalSection
	GlobalSection(ProjectConfigurationPlatforms) = postSolution
		{3F7F0017-A95A-4B92-BF2D-5C87CA83E3FE}.Debug|Any CPU.ActiveCfg = Debug|Any CPU
		{3F7F0017-A95A-4B92-BF2D-5C87CA83E3FE}.Debug|Any CPU.Build.0 = Debug|Any CPU
		{3F7F0017-A95A-4B92-BF2D-5C87CA83E3FE}.Release|Any CPU.ActiveCfg = Release|Any CPU
		{3F7F0017-A95A-4B92-BF2D-5C87CA83E3FE}.Release|Any CPU.Build.0 = Release|Any CPU
	EndGlobalSection
	GlobalSection(SolutionProperties) = preSolution
		HideSolutionNode = FALSE
	EndGlobalSection
	GlobalSection(ExtensibilityGlobals) = postSolution
		SolutionGuid = {C053F519-5B88-459D-8691-5DBEE38ACEC6}
	EndGlobalSection
EndGlobal
