
Microsoft Visual Studio Solution File, Format Version 12.00
# Visual Studio Version 16
VisualStudioVersion = 16.0.28803.452
MinimumVisualStudioVersion = 10.0.40219.1
Project("{FAE04EC0-301F-11D3-BF4B-00C04F79EFBC}") = "TabControlDemo", "TabControlDemo\TabControlDemo.csproj", "{58BFA37C-2ED4-47A8-A6E1-E634E842BFEC}"
EndProject
Global
	GlobalSection(SolutionConfigurationPlatforms) = preSolution
		Debug|Any CPU = Debug|Any CPU
		Release|Any CPU = Release|Any CPU
	EndGlobalSection
	GlobalSection(ProjectConfigurationPlatforms) = postSolution
		{58BFA37C-2ED4-47A8-A6E1-E634E842BFEC}.Debug|Any CPU.ActiveCfg = Debug|Any CPU
		{58BFA37C-2ED4-47A8-A6E1-E634E842BFEC}.Debug|Any CPU.Build.0 = Debug|Any CPU
		{58BFA37C-2ED4-47A8-A6E1-E634E842BFEC}.Release|Any CPU.ActiveCfg = Release|Any CPU
		{58BFA37C-2ED4-47A8-A6E1-E634E842BFEC}.Release|Any CPU.Build.0 = Release|Any CPU
	EndGlobalSection
	GlobalSection(SolutionProperties) = preSolution
		HideSolutionNode = FALSE
	EndGlobalSection
	GlobalSection(ExtensibilityGlobals) = postSolution
		SolutionGuid = {0D61187C-D4DA-4C21-A637-710D1A95F21C}
	EndGlobalSection
EndGlobal
