
Microsoft Visual Studio Solution File, Format Version 12.00
# Visual Studio Version 16
VisualStudioVersion = 16.0.28803.452
MinimumVisualStudioVersion = 10.0.40219.1
Project("{FAE04EC0-301F-11D3-BF4B-00C04F79EFBC}") = "StylesDemo", "StylesDemo\StylesDemo.csproj", "{5E200AA9-7E46-4484-B741-9E0F896C132A}"
EndProject
Global
	GlobalSection(SolutionConfigurationPlatforms) = preSolution
		Debug|Any CPU = Debug|Any CPU
		Release|Any CPU = Release|Any CPU
	EndGlobalSection
	GlobalSection(ProjectConfigurationPlatforms) = postSolution
		{5E200AA9-7E46-4484-B741-9E0F896C132A}.Debug|Any CPU.ActiveCfg = Debug|Any CPU
		{5E200AA9-7E46-4484-B741-9E0F896C132A}.Debug|Any CPU.Build.0 = Debug|Any CPU
		{5E200AA9-7E46-4484-B741-9E0F896C132A}.Release|Any CPU.ActiveCfg = Release|Any CPU
		{5E200AA9-7E46-4484-B741-9E0F896C132A}.Release|Any CPU.Build.0 = Release|Any CPU
	EndGlobalSection
	GlobalSection(SolutionProperties) = preSolution
		HideSolutionNode = FALSE
	EndGlobalSection
	GlobalSection(ExtensibilityGlobals) = postSolution
		SolutionGuid = {724213E7-C169-483F-81B2-8AFD5BA3F0E5}
	EndGlobalSection
EndGlobal
